{
  "name": "tptsavegen",
  "version": "1.0.0",
  "lockfileVersion": 2,
  "requires": true,
  "packages": {
    "": {
      "name": "tptsavegen",
      "version": "1.0.0",
      "license": "ISC",
      "dependencies": {
        "arcsecond": "^4.1.0",
        "arcsecond-binary": "^1.2.0",
        "construct-js": "^1.0.1"
      }
    },
    "node_modules/arcsecond": {
      "version": "4.1.0",
      "resolved": "https://registry.npmjs.org/arcsecond/-/arcsecond-4.1.0.tgz",
      "integrity": "sha512-tmZZWu7YvI6y/Fx9RhBk4zH0jwpO8kFIiavPSDryyUmgKc0FjyOxLnMT0nGe2ZjMA4DJDQpIqrCU+IRt0gwErw=="
    },
    "node_modules/arcsecond-binary": {
      "version": "1.2.0",
      "resolved": "https://registry.npmjs.org/arcsecond-binary/-/arcsecond-binary-1.2.0.tgz",
      "integrity": "sha512-QvTo/kWaHDSu0V9xz1tD9b0f+lHZd7YeFEA8s1BsABKE1sMT+MKCHDAKhv12XjY+1nj5gQvbMjrV31KThGHZtw==",
      "peerDependencies": {
        "arcsecond": ">=4.0.0"
      }
    },
    "node_modules/construct-js": {
      "version": "1.0.1",
      "resolved": "https://registry.npmjs.org/construct-js/-/construct-js-1.0.1.tgz",
      "integrity": "sha512-fqIC1AsZqmRAYJx0Cz94VkP4dUNXkidyVn7RV9cHXH4EDNyO0twZMLBn7esGRFtIJLMS+j/8CotN6ttuCuyrJw=="
    }
  },
  "dependencies": {
    "arcsecond": {
      "version": "4.1.0",
      "resolved": "https://registry.npmjs.org/arcsecond/-/arcsecond-4.1.0.tgz",
      "integrity": "sha512-tmZZWu7YvI6y/Fx9RhBk4zH0jwpO8kFIiavPSDryyUmgKc0FjyOxLnMT0nGe2ZjMA4DJDQpIqrCU+IRt0gwErw=="
    },
    "arcsecond-binary": {
      "version": "1.2.0",
      "resolved": "https://registry.npmjs.org/arcsecond-binary/-/arcsecond-binary-1.2.0.tgz",
      "integrity": "sha512-QvTo/kWaHDSu0V9xz1tD9b0f+lHZd7YeFEA8s1BsABKE1sMT+MKCHDAKhv12XjY+1nj5gQvbMjrV31KThGHZtw==",
      "requires": {}
    },
    "construct-js": {
      "version": "1.0.1",
      "resolved": "https://registry.npmjs.org/construct-js/-/construct-js-1.0.1.tgz",
      "integrity": "sha512-fqIC1AsZqmRAYJx0Cz94VkP4dUNXkidyVn7RV9cHXH4EDNyO0twZMLBn7esGRFtIJLMS+j/8CotN6ttuCuyrJw=="
    }
  }
}
